<?xml version="1.0" encoding="utf-8"?>
<Project ToolsVersion="4.0" xmlns="http://schemas.microsoft.com/developer/msbuild/2003">
  <ItemGroup>
    <Filter Include="Lab">
      <UniqueIdentifier>{27f3ef43-58bf-4dd7-8398-5774a5a87832}</UniqueIdentifier>
    </Filter>
    <Filter Include="Include">
      <UniqueIdentifier>{bc1c48d1-a6e9-47e5-a9a3-515242c359ea}</UniqueIdentifier>
    </Filter>
  </ItemGroup>
  <ItemGroup>
    <ClCompile Include="ActiveBreach.c">
      <Filter>Include</Filter>
    </ClCompile>
    <ClCompile Include="Example.cpp">
      <Filter>Lab</Filter>
    </ClCompile>
  </ItemGroup>
  <ItemGroup>
    <ClInclude Include="ActiveBreach.h">
      <Filter>Include</Filter>
    </ClInclude>
  </ItemGroup>
</Project>